Microsoft Visual Studio Solution File, Format Version 11.00
# Visual Studio 2008

Project("{CCB0731D-C7C5-E41D-FDBE-30FDBA17BCBE}") = "XML Test", "Assembly-CSharp.csproj", "{49877213-CFD7-FAEC-E778-750EA4D225EC}"
EndProject
Project("{CCB0731D-C7C5-E41D-FDBE-30FDBA17BCBE}") = "XML Test", "Assembly-CSharp-Editor.csproj", "{A41734D5-BFA5-53BF-D6DA-0D11DA2BB225}"
EndProject
Global
	GlobalSection(SolutionConfigurationPlatforms) = preSolution
		Debug|Any CPU = Debug|Any CPU
		Release|Any CPU = Release|Any CPU
	EndGlobalSection
	GlobalSection(ProjectConfigurationPlatforms) = postSolution
		{49877213-CFD7-FAEC-E778-750EA4D225EC}.Debug|Any CPU.ActiveCfg = Debug|Any CPU
		{49877213-CFD7-FAEC-E778-750EA4D225EC}.Debug|Any CPU.Build.0 = Debug|Any CPU
		{49877213-CFD7-FAEC-E778-750EA4D225EC}.Release|Any CPU.ActiveCfg = Release|Any CPU
		{49877213-CFD7-FAEC-E778-750EA4D225EC}.Release|Any CPU.Build.0 = Release|Any CPU
		{A41734D5-BFA5-53BF-D6DA-0D11DA2BB225}.Debug|Any CPU.ActiveCfg = Debug|Any CPU
		{A41734D5-BFA5-53BF-D6DA-0D11DA2BB225}.Debug|Any CPU.Build.0 = Debug|Any CPU
		{A41734D5-BFA5-53BF-D6DA-0D11DA2BB225}.Release|Any CPU.ActiveCfg = Release|Any CPU
		{A41734D5-BFA5-53BF-D6DA-0D11DA2BB225}.Release|Any CPU.Build.0 = Release|Any CPU
	EndGlobalSection
	GlobalSection(SolutionProperties) = preSolution
		HideSolutionNode = FALSE
	EndGlobalSection
				GlobalSection(MonoDevelopProperties) = preSolution
		StartupItem = Assembly-CSharp.csproj
		Policies = $0
		$0.TextStylePolicy = $1
		$1.inheritsSet = null
		$1.scope = text/x-csharp
		$0.CSharpFormattingPolicy = $2
		$2.inheritsSet = Mono
		$2.inheritsScope = text/x-csharp
		$2.scope = text/x-csharp
		$0.TextStylePolicy = $3
		$3.FileWidth = 120
		$3.TabWidth = 4
		$3.EolMarker = Unix
		$3.inheritsSet = Mono
		$3.inheritsScope = text/plain
		$3.scope = text/plain
	EndGlobalSection

EndGlobal
